Microsoft Visual Studio Solution File, Format Version 12.00
# Visual Studio Version 17
VisualStudioVersion = 17.5.2.0
MinimumVisualStudioVersion = 10.0.40219.1
Project("{FAE04EC0-301F-11D3-BF4B-00C04F79EFBC}") = "ITISTaskTeamCoding", "ITISTaskTeamCoding.csproj", "{88B57067-4519-85D9-BC87-E6201867E76A}"
EndProject
Global
	GlobalSection(SolutionConfigurationPlatforms) = preSolution
		Debug|Any CPU = Debug|Any CPU
		Release|Any CPU = Release|Any CPU
	EndGlobalSection
	GlobalSection(ProjectConfigurationPlatforms) = postSolution
		{88B57067-4519-85D9-BC87-E6201867E76A}.Debug|Any CPU.ActiveCfg = Debug|Any CPU
		{88B57067-4519-85D9-BC87-E6201867E76A}.Debug|Any CPU.Build.0 = Debug|Any CPU
		{88B57067-4519-85D9-BC87-E6201867E76A}.Release|Any CPU.ActiveCfg = Release|Any CPU
		{88B57067-4519-85D9-BC87-E6201867E76A}.Release|Any CPU.Build.0 = Release|Any CPU
	EndGlobalSection
	GlobalSection(SolutionProperties) = preSolution
		HideSolutionNode = FALSE
	EndGlobalSection
	GlobalSection(ExtensibilityGlobals) = postSolution
		SolutionGuid = {F5BB2DD5-9951-426A-AAF9-7DA0E15EA47D}
	EndGlobalSection
EndGlobal
